
Microsoft Visual Studio Solution File, Format Version 12.00
# Visual Studio Version 17
VisualStudioVersion = 17.0.32014.148
MinimumVisualStudioVersion = 10.0.40219.1
Project("{FAE04EC0-301F-11D3-BF4B-00C04F79EFBC}") = "BubbleDiscordBot", "BubbleDiscordBot.csproj", "{B4D0432E-3BBD-4A43-B7EE-C01288B736BE}"
EndProject
Global
	GlobalSection(SolutionConfigurationPlatforms) = preSolution
		Debug|Any CPU = Debug|Any CPU
		Release|Any CPU = Release|Any CPU
	EndGlobalSection
	GlobalSection(ProjectConfigurationPlatforms) = postSolution
		{B4D0432E-3BBD-4A43-B7EE-C01288B736BE}.Debug|Any CPU.ActiveCfg = Debug|Any CPU
		{B4D0432E-3BBD-4A43-B7EE-C01288B736BE}.Debug|Any CPU.Build.0 = Debug|Any CPU
		{B4D0432E-3BBD-4A43-B7EE-C01288B736BE}.Release|Any CPU.ActiveCfg = Release|Any CPU
		{B4D0432E-3BBD-4A43-B7EE-C01288B736BE}.Release|Any CPU.Build.0 = Release|Any CPU
	EndGlobalSection
	GlobalSection(SolutionProperties) = preSolution
		HideSolutionNode = FALSE
	EndGlobalSection
	GlobalSection(ExtensibilityGlobals) = postSolution
		SolutionGuid = {95EF13FF-B27E-4028-8D0B-5D0E99DCED40}
	EndGlobalSection
EndGlobal
